
Microsoft Visual Studio Solution File, Format Version 12.00
# Visual Studio 15
Project("{FAE04EC0-301F-11D3-BF4B-00C04F79EFBC}") = "listing437", "listing437.csproj", "{B1D877D3-F46D-4C25-BAA7-97CCBF809701}"
EndProject
Global
	GlobalSection(SolutionConfigurationPlatforms) = preSolution
		Debug|Any CPU = Debug|Any CPU
		Release|Any CPU = Release|Any CPU
	EndGlobalSection
	GlobalSection(ProjectConfigurationPlatforms) = postSolution
		{B1D877D3-F46D-4C25-BAA7-97CCBF809701}.Debug|Any CPU.ActiveCfg = Debug|Any CPU
		{B1D877D3-F46D-4C25-BAA7-97CCBF809701}.Debug|Any CPU.Build.0 = Debug|Any CPU
		{B1D877D3-F46D-4C25-BAA7-97CCBF809701}.Release|Any CPU.ActiveCfg = Release|Any CPU
		{B1D877D3-F46D-4C25-BAA7-97CCBF809701}.Release|Any CPU.Build.0 = Release|Any CPU
	EndGlobalSection
EndGlobal
